
Microsoft Visual Studio Solution File, Format Version 12.00
# Visual Studio Version 16
VisualStudioVersion = 16.0.30503.244
MinimumVisualStudioVersion = 10.0.40219.1
Project("{9A19103F-16F7-4668-BE54-9A1E7A4F7556}") = "Hk20CarbonCost", "Hk20CarbonCost.csproj", "{9107C914-94FC-43F4-934D-771DB5AFF95F}"
EndProject
Project("{9A19103F-16F7-4668-BE54-9A1E7A4F7556}") = "Hk20CarbonCostML.Model", "..\Hk20CarbonCostML.Model\Hk20CarbonCostML.Model.csproj", "{B01F49C8-51E2-4A2B-8071-DB02224ECF18}"
EndProject
Project("{9A19103F-16F7-4668-BE54-9A1E7A4F7556}") = "Hk20CarbonCostML.ConsoleApp", "..\Hk20CarbonCostML.ConsoleApp\Hk20CarbonCostML.ConsoleApp.csproj", "{C1BB5439-07F0-4B71-B8B6-1444BED31F08}"
EndProject
Global
	GlobalSection(SolutionConfigurationPlatforms) = preSolution
		Debug|Any CPU = Debug|Any CPU
		Release|Any CPU = Release|Any CPU
	EndGlobalSection
	GlobalSection(ProjectConfigurationPlatforms) = postSolution
		{9107C914-94FC-43F4-934D-771DB5AFF95F}.Debug|Any CPU.ActiveCfg = Debug|Any CPU
		{9107C914-94FC-43F4-934D-771DB5AFF95F}.Debug|Any CPU.Build.0 = Debug|Any CPU
		{9107C914-94FC-43F4-934D-771DB5AFF95F}.Release|Any CPU.ActiveCfg = Release|Any CPU
		{9107C914-94FC-43F4-934D-771DB5AFF95F}.Release|Any CPU.Build.0 = Release|Any CPU
		{B01F49C8-51E2-4A2B-8071-DB02224ECF18}.Debug|Any CPU.ActiveCfg = Debug|Any CPU
		{B01F49C8-51E2-4A2B-8071-DB02224ECF18}.Debug|Any CPU.Build.0 = Debug|Any CPU
		{B01F49C8-51E2-4A2B-8071-DB02224ECF18}.Release|Any CPU.ActiveCfg = Release|Any CPU
		{B01F49C8-51E2-4A2B-8071-DB02224ECF18}.Release|Any CPU.Build.0 = Release|Any CPU
		{C1BB5439-07F0-4B71-B8B6-1444BED31F08}.Debug|Any CPU.ActiveCfg = Debug|Any CPU
		{C1BB5439-07F0-4B71-B8B6-1444BED31F08}.Debug|Any CPU.Build.0 = Debug|Any CPU
		{C1BB5439-07F0-4B71-B8B6-1444BED31F08}.Release|Any CPU.ActiveCfg = Release|Any CPU
		{C1BB5439-07F0-4B71-B8B6-1444BED31F08}.Release|Any CPU.Build.0 = Release|Any CPU
	EndGlobalSection
	GlobalSection(SolutionProperties) = preSolution
		HideSolutionNode = FALSE
	EndGlobalSection
	GlobalSection(ExtensibilityGlobals) = postSolution
		SolutionGuid = {209BF64F-EBFC-4554-A45B-21C4D8702599}
	EndGlobalSection
EndGlobal
